
Microsoft Visual Studio Solution File, Format Version 12.00
# Visual Studio Version 17
VisualStudioVersion = 17.11.35312.102
MinimumVisualStudioVersion = 10.0.40219.1
Project("{FAE04EC0-301F-11D3-BF4B-00C04F79EFBC}") = "TheWorldOfKongfuMod", "TheWorldOfKongfuMod\TheWorldOfKongfuMod.csproj", "{C095AE17-5C23-4FA3-B5B0-E78DD99EBB87}"
EndProject
Global
	GlobalSection(SolutionConfigurationPlatforms) = preSolution
		Debug|Any CPU = Debug|Any CPU
		Release|Any CPU = Release|Any CPU
	EndGlobalSection
	GlobalSection(ProjectConfigurationPlatforms) = postSolution
		{C095AE17-5C23-4FA3-B5B0-E78DD99EBB87}.Debug|Any CPU.ActiveCfg = Debug|Any CPU
		{C095AE17-5C23-4FA3-B5B0-E78DD99EBB87}.Debug|Any CPU.Build.0 = Debug|Any CPU
		{C095AE17-5C23-4FA3-B5B0-E78DD99EBB87}.Release|Any CPU.ActiveCfg = Release|Any CPU
		{C095AE17-5C23-4FA3-B5B0-E78DD99EBB87}.Release|Any CPU.Build.0 = Release|Any CPU
	EndGlobalSection
	GlobalSection(SolutionProperties) = preSolution
		HideSolutionNode = FALSE
	EndGlobalSection
	GlobalSection(ExtensibilityGlobals) = postSolution
		SolutionGuid = {8D499DA2-44E3-4E58-AF2C-A14C3CEA1F54}
	EndGlobalSection
EndGlobal
